// !$*UTF8*$!
{
	archiveVersion = 1;
	classes = {
	};
	objectVersion = 46;
	objects = {

/* Begin PBXBuildFile section */
		50227C3C1C125F54003CFA42 /* AppDelegate.swift in Sources */ = {isa = PBXBuildFile; fileRef = 50227C3B1C125F54003CFA42 /* AppDelegate.swift */; };
		50227C3E1C125F54003CFA42 /* ViewController.swift in Sources */ = {isa = PBXBuildFile; fileRef = 50227C3D1C125F54003CFA42 /* ViewController.swift */; };
		50227C411C125F54003CFA42 /* Main.storyboard in Resources */ = {isa = PBXBuildFile; fileRef = 50227C3F1C125F54003CFA42 /* Main.storyboard */; };
		50227C431C125F54003CFA42 /* Images.xcassets in Resources */ = {isa = PBXBuildFile; fileRef = 50227C421C125F54003CFA42 /* Images.xcassets */; };
		50227C461C125F54003CFA42 /* LaunchScreen.xib in Resources */ = {isa = PBXBuildFile; fileRef = 50227C441C125F54003CFA42 /* LaunchScreen.xib */; };
		50227C521C125F54003CFA42 /* SortingTests.swift in Sources */ = {isa = PBXBuildFile; fileRef = 50227C511C125F54003CFA42 /* SortingTests.swift */; };
/* End PBXBuildFile section */

/* Begin PBXContainerItemProxy section */
		50227C4C1C125F54003CFA42 /* PBXContainerItemProxy */ = {
			isa = PBXContainerItemProxy;
			containerPortal = 50227C2E1C125F53003CFA42 /* Project object */;
			proxyType = 1;
			remoteGlobalIDString = 50227C351C125F53003CFA42;
			remoteInfo = Sorting;
		};
/* End PBXContainerItemProxy section */

/* Begin PBXFileReference section */
		50227C361C125F53003CFA42 /* Sorting.app */ = {isa = PBXFileReference; explicitFileType = wrapper.application; includeInIndex = 0; path = Sorting.app; sourceTree = BUILT_PRODUCTS_DIR; };
		50227C3A1C125F54003CFA42 /* Info.plist */ = {isa = PBXFileReference; lastKnownFileType = text.plist.xml; path = Info.plist; sourceTree = "<group>"; };
		50227C3B1C125F54003CFA42 /* AppDelegate.swift */ = {isa = PBXFileReference; lastKnownFileType = sourcecode.swift; path = AppDelegate.swift; sourceTree = "<group>"; };
		50227C3D1C125F54003CFA42 /* ViewController.swift */ = {isa = PBXFileReference; lastKnownFileType = sourcecode.swift; path = ViewController.swift; sourceTree = "<group>"; };
		50227C401C125F54003CFA42 /* Base */ = {isa = PBXFileReference; lastKnownFileType = file.storyboard; name = Base; path = Base.lproj/Main.storyboard; sourceTree = "<group>"; };
		50227C421C125F54003CFA42 /* Images.xcassets */ = {isa = PBXFileReference; lastKnownFileType = folder.assetcatalog; path = Images.xcassets; sourceTree = "<group>"; };
		50227C451C125F54003CFA42 /* Base */ = {isa = PBXFileReference; lastKnownFileType = file.xib; name = Base; path = Base.lproj/LaunchScreen.xib; sourceTree = "<group>"; };
		50227C4B1C125F54003CFA42 /* SortingTests.xctest */ = {isa = PBXFileReference; explicitFileType = wrapper.cfbundle; includeInIndex = 0; path = SortingTests.xctest; sourceTree = BUILT_PRODUCTS_DIR; };
		50227C501C125F54003CFA42 /* Info.plist */ = {isa = PBXFileReference; lastKnownFileType = text.plist.xml; path = Info.plist; sourceTree = "<group>"; };
		50227C511C125F54003CFA42 /* SortingTests.swift */ = {isa = PBXFileReference; lastKnownFileType = sourcecode.swift; path = SortingTests.swift; sourceTree = "<group>"; };
/* End PBXFileReference section */

/* Begin PBXFrameworksBuildPhase section */
		50227C331C125F53003CFA42 /* Frameworks */ = {
			isa = PBXFrameworksBuildPhase;
			buildActionMask = 2147483647;
			files = (
			);
			runOnlyForDeploymentPostprocessing = 0;
		};
		50227C481C125F54003CFA42 /* Frameworks */ = {
			isa = PBXFrameworksBuildPhase;
			buildActionMask = 2147483647;
			files = (
			);
			runOnlyForDeploymentPostprocessing = 0;
		};
/* End PBXFrameworksBuildPhase section */

/* Begin PBXGroup section */
		50227C2D1C125F53003CFA42 = {
			isa = PBXGroup;
			children = (
				50227C381C125F53003CFA42 /* Sorting */,
				50227C4E1C125F54003CFA42 /* SortingTests */,
				50227C371C125F53003CFA42 /* Products */,
			);
			sourceTree = "<group>";
		};
		50227C371C125F53003CFA42 /* Products */ = {
			isa = PBXGroup;
			children = (
				50227C361C125F53003CFA42 /* Sorting.app */,
				50227C4B1C125F54003CFA42 /* SortingTests.xctest */,
			);
			name = Products;
			sourceTree = "<group>";
		};
		50227C381C125F53003CFA42 /* Sorting */ = {
			isa = PBXGroup;
			children = (
				50227C3B1C125F54003CFA42 /* AppDelegate.swift */,
				50227C3D1C125F54003CFA42 /* ViewController.swift */,
				50227C3F1C125F54003CFA42 /* Main.storyboard */,
				50227C421C125F54003CFA42 /* Images.xcassets */,
				50227C441C125F54003CFA42 /* LaunchScreen.xib */,
				50227C391C125F53003CFA42 /* Supporting Files */,
			);
			path = Sorting;
			sourceTree = "<group>";
		};
		50227C391C125F53003CFA42 /* Supporting Files */ = {
			isa = PBXGroup;
			children = (
				50227C3A1C125F54003CFA42 /* Info.plist */,
			);
			name = "Supporting Files";
			sourceTree = "<group>";
		};
		50227C4E1C125F54003CFA42 /* SortingTests */ = {
			isa = PBXGroup;
			children = (
				50227C511C125F54003CFA42 /* SortingTests.swift */,
				50227C4F1C125F54003CFA42 /* Supporting Files */,
			);
			path = SortingTests;
			sourceTree = "<group>";
		};
		50227C4F1C125F54003CFA42 /* Supporting Files */ = {
			isa = PBXGroup;
			children = (
				50227C501C125F54003CFA42 /* Info.plist */,
			);
			name = "Supporting Files";
			sourceTree = "<group>";
		};
/* End PBXGroup section */

/* Begin PBXNativeTarget section */
		50227C351C125F53003CFA42 /* Sorting */ = {
			isa = PBXNativeTarget;
			buildConfigurationList = 50227C551C125F54003CFA42 /* Build configuration list for PBXNativeTarget "Sorting" */;
			buildPhases = (
				50227C321C125F53003CFA42 /* Sources */,
				50227C331C125F53003CFA42 /* Frameworks */,
				50227C341C125F53003CFA42 /* Resources */,
			);
			buildRules = (
			);
			dependencies = (
			);
			name = Sorting;
			productName = Sorting;
			productReference = 50227C361C125F53003CFA42 /* Sorting.app */;
			productType = "com.apple.product-type.application";
		};
		50227C4A1C125F54003CFA42 /* SortingTests */ = {
			isa = PBXNativeTarget;
			buildConfigurationList = 50227C581C125F54003CFA42 /* Build configuration list for PBXNativeTarget "SortingTests" */;
			buildPhases = (
				50227C471C125F54003CFA42 /* Sources */,
				50227C481C125F54003CFA42 /* Frameworks */,
				50227C491C125F54003CFA42 /* Resources */,
			);
			buildRules = (
			);
			dependencies = (
				50227C4D1C125F54003CFA42 /* PBXTargetDependency */,
			);
			name = SortingTests;
			productName = SortingTests;
			productReference = 50227C4B1C125F54003CFA42 /* SortingTests.xctest */;
			productType = "com.apple.product-type.bundle.unit-test";
		};
/* End PBXNativeTarget section */

/* Begin PBXProject section */
		50227C2E1C125F53003CFA42 /* Project object */ = {
			isa = PBXProject;
			attributes = {
				LastUpgradeCheck = 0610;
				ORGANIZATIONNAME = "Maker Club";
				TargetAttributes = {
					50227C351C125F53003CFA42 = {
						CreatedOnToolsVersion = 6.1.1;
					};
					50227C4A1C125F54003CFA42 = {
						CreatedOnToolsVersion = 6.1.1;
						TestTargetID = 50227C351C125F53003CFA42;
					};
				};
			};
			buildConfigurationList = 50227C311C125F53003CFA42 /* Build configuration list for PBXProject "Sorting" */;
			compatibilityVersion = "Xcode 3.2";
			developmentRegion = English;
			hasScannedForEncodings = 0;
			knownRegions = (
				en,
				Base,
			);
			mainGroup = 50227C2D1C125F53003CFA42;
			productRefGroup = 50227C371C125F53003CFA42 /* Products */;
			projectDirPath = "";
			projectRoot = "";
			targets = (
				50227C351C125F53003CFA42 /* Sorting */,
				50227C4A1C125F54003CFA42 /* SortingTests */,
			);
		};
/* End PBXProject section */

/* Begin PBXResourcesBuildPhase section */
		50227C341C125F53003CFA42 /* Resources */ = {
			isa = PBXResourcesBuildPhase;
			buildActionMask = 2147483647;
			files = (
				50227C411C125F54003CFA42 /* Main.storyboard in Resources */,
				50227C461C125F54003CFA42 /* LaunchScreen.xib in Resources */,
				50227C431C125F54003CFA42 /* Images.xcassets in Resources */,
			);
			runOnlyForDeploymentPostprocessing = 0;
		};
		50227C491C125F54003CFA42 /* Resources */ = {
			isa = PBXResourcesBuildPhase;
			buildActionMask = 2147483647;
			files = (
			);
			runOnlyForDeploymentPostprocessing = 0;
		};
/* End PBXResourcesBuildPhase section */

/* Begin PBXSourcesBuildPhase section */
		50227C321C125F53003CFA42 /* Sources */ = {
			isa = PBXSourcesBuildPhase;
			buildActionMask = 2147483647;
			files = (
				50227C3E1C125F54003CFA42 /* ViewController.swift in Sources */,
				50227C3C1C125F54003CFA42 /* AppDelegate.swift in Sources */,
			);
			runOnlyForDeploymentPostprocessing = 0;
		};
		50227C471C125F54003CFA42 /* Sources */ = {
			isa = PBXSourcesBuildPhase;
			buildActionMask = 2147483647;
			files = (
				50227C521C125F54003CFA42 /* SortingTests.swift in Sources */,
			);
			runOnlyForDeploymentPostprocessing = 0;
		};
/* End PBXSourcesBuildPhase section */

/* Begin PBXTargetDependency section */
		50227C4D1C125F54003CFA42 /* PBXTargetDependency */ = {
			isa = PBXTargetDependency;
			target = 50227C351C125F53003CFA42 /* Sorting */;
			targetProxy = 50227C4C1C125F54003CFA42 /* PBXContainerItemProxy */;
		};
/* End PBXTargetDependency section */

/* Begin PBXVariantGroup section */
		50227C3F1C125F54003CFA42 /* Main.storyboard */ = {
			isa = PBXVariantGroup;
			children = (
				50227C401C125F54003CFA42 /* Base */,
			);
			name = Main.storyboard;
			sourceTree = "<group>";
		};
		50227C441C125F54003CFA42 /* LaunchScreen.xib */ = {
			isa = PBXVariantGroup;
			children = (
				50227C451C125F54003CFA42 /* Base */,
			);
			name = LaunchScreen.xib;
			sourceTree = "<group>";
		};
/* End PBXVariantGroup section */

/* Begin XCBuildConfiguration section */
		50227C531C125F54003CFA42 /* Debug */ = {
			isa = XCBuildConfiguration;
			buildSettings = {
				ALWAYS_SEARCH_USER_PATHS = NO;
				CLANG_CXX_LANGUAGE_STANDARD = "gnu++0x";
				CLANG_CXX_LIBRARY = "libc++";
				CLANG_ENABLE_MODULES = YES;
				CLANG_ENABLE_OBJC_ARC = YES;
				CLANG_WARN_BOOL_CONVERSION = YES;
				CLANG_WARN_CONSTANT_CONVERSION = YES;
				CLANG_WARN_DIRECT_OBJC_ISA_USAGE = YES_ERROR;
				CLANG_WARN_EMPTY_BODY = YES;
				CLANG_WARN_ENUM_CONVERSION = YES;
				CLANG_WARN_INT_CONVERSION = YES;
				CLANG_WARN_OBJC_ROOT_CLASS = YES_ERROR;
				CLANG_WARN_UNREACHABLE_CODE = YES;
				CLANG_WARN__DUPLICATE_METHOD_MATCH = YES;
				"CODE_SIGN_IDENTITY[sdk=iphoneos*]" = "iPhone Developer";
				COPY_PHASE_STRIP = NO;
				ENABLE_STRICT_OBJC_MSGSEND = YES;
				GCC_C_LANGUAGE_STANDARD = gnu99;
				GCC_DYNAMIC_NO_PIC = NO;
				GCC_OPTIMIZATION_LEVEL = 0;
				GCC_PREPROCESSOR_DEFINITIONS = (
					"DEBUG=1",
					"$(inherited)",
				);
				GCC_SYMBOLS_PRIVATE_EXTERN = NO;
				GCC_WARN_64_TO_32_BIT_CONVERSION = YES;
				GCC_WARN_ABOUT_RETURN_TYPE = YES_ERROR;
				GCC_WARN_UNDECLARED_SELECTOR = YES;
				GCC_WARN_UNINITIALIZED_AUTOS = YES_AGGRESSIVE;
				GCC_WARN_UNUSED_FUNCTION = YES;
				GCC_WARN_UNUSED_VARIABLE = YES;
				IPHONEOS_DEPLOYMENT_TARGET = 8.1;
				MTL_ENABLE_DEBUG_INFO = YES;
				ONLY_ACTIVE_ARCH = YES;
				SDKROOT = iphoneos;
				SWIFT_OPTIMIZATION_LEVEL = "-Onone";
			};
			name = Debug;
		};
		50227C541C125F54003CFA42 /* Release */ = {
			isa = XCBuildConfiguration;
			buildSettings = {
				ALWAYS_SEARCH_USER_PATHS = NO;
				CLANG_CXX_LANGUAGE_STANDARD = "gnu++0x";
				CLANG_CXX_LIBRARY = "libc++";
				CLANG_ENABLE_MODULES = YES;
				CLANG_ENABLE_OBJC_ARC = YES;
				CLANG_WARN_BOOL_CONVERSION = YES;
				CLANG_WARN_CONSTANT_CONVERSION = YES;
				CLANG_WARN_DIRECT_OBJC_ISA_USAGE = YES_ERROR;
				CLANG_WARN_EMPTY_BODY = YES;
				CLANG_WARN_ENUM_CONVERSION = YES;
				CLANG_WARN_INT_CONVERSION = YES;
				CLANG_WARN_OBJC_ROOT_CLASS = YES_ERROR;
				CLANG_WARN_UNREACHABLE_CODE = YES;
				CLANG_WARN__DUPLICATE_METHOD_MATCH = YES;
				"CODE_SIGN_IDENTITY[sdk=iphoneos*]" = "iPhone Developer";
				COPY_PHASE_STRIP = YES;
				ENABLE_NS_ASSERTIONS = NO;
				ENABLE_STRICT_OBJC_MSGSEND = YES;
				GCC_C_LANGUAGE_STANDARD = gnu99;
				GCC_WARN_64_TO_32_BIT_CONVERSION = YES;
				GCC_WARN_ABOUT_RETURN_TYPE = YES_ERROR;
				GCC_WARN_UNDECLARED_SELECTOR = YES;
				GCC_WARN_UNINITIALIZED_AUTOS = YES_AGGRESSIVE;
				GCC_WARN_UNUSED_FUNCTION = YES;
				GCC_WARN_UNUSED_VARIABLE = YES;
				IPHONEOS_DEPLOYMENT_TARGET = 8.1;
				MTL_ENABLE_DEBUG_INFO = NO;
				SDKROOT = iphoneos;
				VALIDATE_PRODUCT = YES;
			};
			name = Release;
		};
		50227C561C125F54003CFA42 /* Debug */ = {
			isa = XCBuildConfiguration;
			buildSettings = {
				ASSETCATALOG_COMPILER_APPICON_NAME = AppIcon;
				INFOPLIST_FILE = Sorting/Info.plist;
				LD_RUNPATH_SEARCH_PATHS = "$(inherited) @executable_path/Frameworks";
				PRODUCT_NAME = "$(TARGET_NAME)";
			};
			name = Debug;
		};
		50227C571C125F54003CFA42 /* Release */ = {
			isa = XCBuildConfiguration;
			buildSettings = {
				ASSETCATALOG_COMPILER_APPICON_NAME = AppIcon;
				INFOPLIST_FILE = Sorting/Info.plist;
				LD_RUNPATH_SEARCH_PATHS = "$(inherited) @executable_path/Frameworks";
				PRODUCT_NAME = "$(TARGET_NAME)";
			};
			name = Release;
		};
		50227C591C125F54003CFA42 /* Debug */ = {
			isa = XCBuildConfiguration;
			buildSettings = {
				BUNDLE_LOADER = "$(TEST_HOST)";
				FRAMEWORK_SEARCH_PATHS = (
					"$(SDKROOT)/Developer/Library/Frameworks",
					"$(inherited)",
				);
				GCC_PREPROCESSOR_DEFINITIONS = (
					"DEBUG=1",
					"$(inherited)",
				);
				INFOPLIST_FILE = SortingTests/Info.plist;
				LD_RUNPATH_SEARCH_PATHS = "$(inherited) @executable_path/Frameworks @loader_path/Frameworks";
				PRODUCT_NAME = "$(TARGET_NAME)";
				TEST_HOST = "$(BUILT_PRODUCTS_DIR)/Sorting.app/Sorting";
			};
			name = Debug;
		};
		50227C5A1C125F54003CFA42 /* Release */ = {
			isa = XCBuildConfiguration;
			buildSettings = {
				BUNDLE_LOADER = "$(TEST_HOST)";
				FRAMEWORK_SEARCH_PATHS = (
					"$(SDKROOT)/Developer/Library/Frameworks",
					"$(inherited)",
				);
				INFOPLIST_FILE = SortingTests/Info.plist;
				LD_RUNPATH_SEARCH_PATHS = "$(inherited) @executable_path/Frameworks @loader_path/Frameworks";
				PRODUCT_NAME = "$(TARGET_NAME)";
				TEST_HOST = "$(BUILT_PRODUCTS_DIR)/Sorting.app/Sorting";
			};
			name = Release;
		};
/* End XCBuildConfiguration section */

/* Begin XCConfigurationList section */
		50227C311C125F53003CFA42 /* Build configuration list for PBXProject "Sorting" */ = {
			isa = XCConfigurationList;
			buildConfigurations = (
				50227C531C125F54003CFA42 /* Debug */,
				50227C541C125F54003CFA42 /* Release */,
			);
			defaultConfigurationIsVisible = 0;
			defaultConfigurationName = Release;
		};
		50227C551C125F54003CFA42 /* Build configuration list for PBXNativeTarget "Sorting" */ = {
			isa = XCConfigurationList;
			buildConfigurations = (
				50227C561C125F54003CFA42 /* Debug */,
				50227C571C125F54003CFA42 /* Release */,
			);
			defaultConfigurationIsVisible = 0;
		};
		50227C581C125F54003CFA42 /* Build configuration list for PBXNativeTarget "SortingTests" */ = {
			isa = XCConfigurationList;
			buildConfigurations = (
				50227C591C125F54003CFA42 /* Debug */,
				50227C5A1C125F54003CFA42 /* Release */,
			);
			defaultConfigurationIsVisible = 0;
		};
/* End XCConfigurationList section */
	};
	rootObject = 50227C2E1C125F53003CFA42 /* Project object */;
}
